
Microsoft Visual Studio Solution File, Format Version 12.00
# Visual Studio Version 17
VisualStudioVersion = 17.9.34728.123
MinimumVisualStudioVersion = 10.0.40219.1
Project("{9A19103F-16F7-4668-BE54-9A1E7A4F7556}") = "Frontend.Webapp", "Frontend-Webapp\Frontend.Webapp.csproj", "{3D8818B5-A48F-4358-BA21-E575EF69AB67}"
EndProject
Project("{FAE04EC0-301F-11D3-BF4B-00C04F79EFBC}") = "AzureJsBackend", "AzureJsBackend\AzureJsBackend.csproj", "{FA0F172E-02F9-4C07-AFC6-EB76A6B4ECB7}"
EndProject
Project("{FAE04EC0-301F-11D3-BF4B-00C04F79EFBC}") = "Data", "Data\Data.csproj", "{2320C74D-CE62-451B-82AA-1197EB458FAA}"
EndProject
Global
	GlobalSection(SolutionConfigurationPlatforms) = preSolution
		Debug|Any CPU = Debug|Any CPU
		Release|Any CPU = Release|Any CPU
	EndGlobalSection
	GlobalSection(ProjectConfigurationPlatforms) = postSolution
		{3D8818B5-A48F-4358-BA21-E575EF69AB67}.Debug|Any CPU.ActiveCfg = Debug|Any CPU
		{3D8818B5-A48F-4358-BA21-E575EF69AB67}.Debug|Any CPU.Build.0 = Debug|Any CPU
		{3D8818B5-A48F-4358-BA21-E575EF69AB67}.Release|Any CPU.ActiveCfg = Release|Any CPU
		{3D8818B5-A48F-4358-BA21-E575EF69AB67}.Release|Any CPU.Build.0 = Release|Any CPU
		{FA0F172E-02F9-4C07-AFC6-EB76A6B4ECB7}.Debug|Any CPU.ActiveCfg = Debug|Any CPU
		{FA0F172E-02F9-4C07-AFC6-EB76A6B4ECB7}.Debug|Any CPU.Build.0 = Debug|Any CPU
		{FA0F172E-02F9-4C07-AFC6-EB76A6B4ECB7}.Release|Any CPU.ActiveCfg = Release|Any CPU
		{FA0F172E-02F9-4C07-AFC6-EB76A6B4ECB7}.Release|Any CPU.Build.0 = Release|Any CPU
		{2320C74D-CE62-451B-82AA-1197EB458FAA}.Debug|Any CPU.ActiveCfg = Debug|Any CPU
		{2320C74D-CE62-451B-82AA-1197EB458FAA}.Debug|Any CPU.Build.0 = Debug|Any CPU
		{2320C74D-CE62-451B-82AA-1197EB458FAA}.Release|Any CPU.ActiveCfg = Release|Any CPU
		{2320C74D-CE62-451B-82AA-1197EB458FAA}.Release|Any CPU.Build.0 = Release|Any CPU
	EndGlobalSection
	GlobalSection(SolutionProperties) = preSolution
		HideSolutionNode = FALSE
	EndGlobalSection
	GlobalSection(ExtensibilityGlobals) = postSolution
		SolutionGuid = {D7B748AD-6D0F-4EA7-8A92-4C6B94C079EE}
	EndGlobalSection
EndGlobal
